<?xml version="1.0" encoding="utf-8"?>
<Project ToolsVersion="4.0" xmlns="http://schemas.microsoft.com/developer/msbuild/2003">
  <ItemGroup>
    <Filter Include="Source Files">
      <UniqueIdentifier>{4FC737F1-C7A5-4376-A066-2A32D752A2FF}</UniqueIdentifier>
      <Extensions>cpp;c;cc;cxx;def;odl;idl;hpj;bat;asm;asmx</Extensions>
    </Filter>
    <Filter Include="Header Files">
      <UniqueIdentifier>{93995380-89BD-4b04-88EB-625FBE52EBFB}</UniqueIdentifier>
      <Extensions>h;hh;hpp;hxx;hm;inl;inc;xsd</Extensions>
    </Filter>
    <Filter Include="Resource Files">
      <UniqueIdentifier>{67DA6AB6-F800-4c08-8B7A-83BB121AAD01}</UniqueIdentifier>
      <Extensions>rc;ico;cur;bmp;dlg;rc2;rct;bin;rgs;gif;jpg;jpeg;jpe;resx;tiff;tif;png;wav;mfcribbon-ms</Extensions>
    </Filter>
  </ItemGroup>
  <ItemGroup>
    <ClCompile Include="main.cpp">
      <Filter>Source Files</Filter>
    </ClCompile>
    <ClCompile Include="CaptionContainer.cpp">
      <Filter>Source Files</Filter>
    </ClCompile>
    <ClCompile Include="DemoScreen.cpp">
      <Filter>Source Files</Filter>
    </ClCompile>
    <ClCompile Include="InputScreen.cpp">
      <Filter>Source Files</Filter>
    </ClCompile>
    <ClCompile Include="ScreenHandler.cpp">
      <Filter>Source Files</Filter>
    </ClCompile>
    <ClCompile Include="StoredCaptionScreen.cpp">
      <Filter>Source Files</Filter>
    </ClCompile>
    <ClCompile Include="StoredCaptionContainer.cpp">
      <Filter>Source Files</Filter>
    </ClCompile>
    <ClCompile Include="KWindow\DebugText.cpp">
      <Filter>Source Files</Filter>
    </ClCompile>
    <ClCompile Include="KWindow\Image.cpp">
      <Filter>Source Files</Filter>
    </ClCompile>
    <ClCompile Include="KWindow\InputHandler.cpp">
      <Filter>Source Files</Filter>
    </ClCompile>
    <ClCompile Include="KWindow\KeyboardEntry.cpp">
      <Filter>Source Files</Filter>
    </ClCompile>
    <ClCompile Include="KWindow\MouseHandler.cpp">
      <Filter>Source Files</Filter>
    </ClCompile>
    <ClCompile Include="KWindow\NetworkUtility.cpp">
      <Filter>Source Files</Filter>
    </ClCompile>
    <ClCompile Include="KWindow\SDLUtility.cpp">
      <Filter>Source Files</Filter>
    </ClCompile>
    <ClCompile Include="KWindow\ShortenedText.cpp">
      <Filter>Source Files</Filter>
    </ClCompile>
    <ClCompile Include="KWindow\TextInput.cpp">
      <Filter>Source Files</Filter>
    </ClCompile>
    <ClCompile Include="KWindow\UIButton.cpp">
      <Filter>Source Files</Filter>
    </ClCompile>
    <ClCompile Include="KWindow\UIElements.cpp">
      <Filter>Source Files</Filter>
    </ClCompile>
    <ClCompile Include="KWindow\UIMenu.cpp">
      <Filter>Source Files</Filter>
    </ClCompile>
    <ClCompile Include="KWindow\UITab.cpp">
      <Filter>Source Files</Filter>
    </ClCompile>
    <ClCompile Include="KWindow\JPIME.cpp">
      <Filter>Source Files</Filter>
    </ClCompile>
  </ItemGroup>
  <ItemGroup>
    <ClInclude Include="DemoScreen.h">
      <Filter>Header Files</Filter>
    </ClInclude>
    <ClInclude Include="CaptionContainer.h">
      <Filter>Header Files</Filter>
    </ClInclude>
    <ClInclude Include="InputScreen.h">
      <Filter>Header Files</Filter>
    </ClInclude>
    <ClInclude Include="ScreenHandler.h">
      <Filter>Header Files</Filter>
    </ClInclude>
    <ClInclude Include="StoredCaptionScreen.h">
      <Filter>Header Files</Filter>
    </ClInclude>
    <ClInclude Include="StoredCaptionContainer.h">
      <Filter>Header Files</Filter>
    </ClInclude>
    <ClInclude Include="KWindow\DebugText.h">
      <Filter>Header Files</Filter>
    </ClInclude>
    <ClInclude Include="KWindow\FileHandler.h">
      <Filter>Header Files</Filter>
    </ClInclude>
    <ClInclude Include="KWindow\Image.h">
      <Filter>Header Files</Filter>
    </ClInclude>
    <ClInclude Include="KWindow\InputHandler.h">
      <Filter>Header Files</Filter>
    </ClInclude>
    <ClInclude Include="KWindow\KeyboardEntry.h">
      <Filter>Header Files</Filter>
    </ClInclude>
    <ClInclude Include="KWindow\MouseHandler.h">
      <Filter>Header Files</Filter>
    </ClInclude>
    <ClInclude Include="KWindow\NetworkUtility.h">
      <Filter>Header Files</Filter>
    </ClInclude>
    <ClInclude Include="KWindow\SDLUtility.h">
      <Filter>Header Files</Filter>
    </ClInclude>
    <ClInclude Include="KWindow\ShortenedText.h">
      <Filter>Header Files</Filter>
    </ClInclude>
    <ClInclude Include="KWindow\Subscreen.h">
      <Filter>Header Files</Filter>
    </ClInclude>
    <ClInclude Include="KWindow\TextInput.h">
      <Filter>Header Files</Filter>
    </ClInclude>
    <ClInclude Include="KWindow\UIButton.h">
      <Filter>Header Files</Filter>
    </ClInclude>
    <ClInclude Include="KWindow\UIElements.h">
      <Filter>Header Files</Filter>
    </ClInclude>
    <ClInclude Include="KWindow\UIMenu.h">
      <Filter>Header Files</Filter>
    </ClInclude>
    <ClInclude Include="KWindow\UITab.h">
      <Filter>Header Files</Filter>
    </ClInclude>
    <ClInclude Include="KWindow\JPIME.h">
      <Filter>Header Files</Filter>
    </ClInclude>
  </ItemGroup>
</Project>